
Microsoft Visual Studio Solution File, Format Version 12.00
# Visual Studio Version 17
VisualStudioVersion = 17.13.35806.99 d17.13
MinimumVisualStudioVersion = 10.0.40219.1
Project("{FAE04EC0-301F-11D3-BF4B-00C04F79EFBC}") = "signalr-simple-application-project", "signalr-simple-application-project\signalr-simple-application-project.csproj", "{07C09C6E-21A9-4A50-899A-027420684626}"
EndProject
Global
	GlobalSection(SolutionConfigurationPlatforms) = preSolution
		Debug|Any CPU = Debug|Any CPU
		Release|Any CPU = Release|Any CPU
	EndGlobalSection
	GlobalSection(ProjectConfigurationPlatforms) = postSolution
		{07C09C6E-21A9-4A50-899A-027420684626}.Debug|Any CPU.ActiveCfg = Debug|Any CPU
		{07C09C6E-21A9-4A50-899A-027420684626}.Debug|Any CPU.Build.0 = Debug|Any CPU
		{07C09C6E-21A9-4A50-899A-027420684626}.Release|Any CPU.ActiveCfg = Release|Any CPU
		{07C09C6E-21A9-4A50-899A-027420684626}.Release|Any CPU.Build.0 = Release|Any CPU
	EndGlobalSection
	GlobalSection(SolutionProperties) = preSolution
		HideSolutionNode = FALSE
	EndGlobalSection
	GlobalSection(ExtensibilityGlobals) = postSolution
		SolutionGuid = {9E947D0A-80DD-4FAC-A7AD-EFB4D1ADC48E}
	EndGlobalSection
EndGlobal
